// !$*UTF8*$!
{
	archiveVersion = 1;
	classes = {
	};
	objectVersion = 55;
	objects = {

/* Begin PBXBuildFile section */
		0911A81628B56AF800F5B0BD /* TVShowsDetailModel.swift in Sources */ = {isa = PBXBuildFile; fileRef = 0911A81528B56AF800F5B0BD /* TVShowsDetailModel.swift */; };
		091CECB728AF657000658984 /* LogInViewModel.swift in Sources */ = {isa = PBXBuildFile; fileRef = 091CECB628AF657000658984 /* LogInViewModel.swift */; };
		091CECB928AF65C200658984 /* ValidationsData.swift in Sources */ = {isa = PBXBuildFile; fileRef = 091CECB828AF65C200658984 /* ValidationsData.swift */; };
		091CECBB28AF66E900658984 /* LogInService.swift in Sources */ = {isa = PBXBuildFile; fileRef = 091CECBA28AF66E900658984 /* LogInService.swift */; };
		091CECBD28AF67FB00658984 /* GuestSessionResponse.swift in Sources */ = {isa = PBXBuildFile; fileRef = 091CECBC28AF67FB00658984 /* GuestSessionResponse.swift */; };
		091D9BE228AF74F6009B6726 /* GoogleService-Info.plist in Resources */ = {isa = PBXBuildFile; fileRef = 091D9BE128AF74F6009B6726 /* GoogleService-Info.plist */; };
		091D9BEF28AF9FC5009B6726 /* SignUpViewController.swift in Sources */ = {isa = PBXBuildFile; fileRef = 091D9BEE28AF9FC5009B6726 /* SignUpViewController.swift */; };
		091D9BF128AFA084009B6726 /* SignUpViewModel.swift in Sources */ = {isa = PBXBuildFile; fileRef = 091D9BF028AFA084009B6726 /* SignUpViewModel.swift */; };
		091D9BF328AFB0BB009B6726 /* SignUpService.swift in Sources */ = {isa = PBXBuildFile; fileRef = 091D9BF228AFB0BB009B6726 /* SignUpService.swift */; };
		091D9BF528AFB9E7009B6726 /* UserRepository.swift in Sources */ = {isa = PBXBuildFile; fileRef = 091D9BF428AFB9E7009B6726 /* UserRepository.swift */; };
		0982FCD128AEE483003BEB33 /* ProfileViewController.swift in Sources */ = {isa = PBXBuildFile; fileRef = 0982FCD028AEE483003BEB33 /* ProfileViewController.swift */; };
		0982FCD428AEE5F0003BEB33 /* ProfileViewModel.swift in Sources */ = {isa = PBXBuildFile; fileRef = 0982FCD328AEE5F0003BEB33 /* ProfileViewModel.swift */; };
		09837FED28AE62D700E4ECF0 /* ShowErrorDelegate.swift in Sources */ = {isa = PBXBuildFile; fileRef = 09837FEC28AE62D700E4ECF0 /* ShowErrorDelegate.swift */; };
		09837FEF28AE652900E4ECF0 /* DataBaseCRUD.swift in Sources */ = {isa = PBXBuildFile; fileRef = 09837FEE28AE652900E4ECF0 /* DataBaseCRUD.swift */; };
		09837FF128AE65B600E4ECF0 /* CompaniesResponse.swift in Sources */ = {isa = PBXBuildFile; fileRef = 09837FF028AE65B600E4ECF0 /* CompaniesResponse.swift */; };
		09837FF328AE7BFB00E4ECF0 /* ImageCollectionViewCell.swift in Sources */ = {isa = PBXBuildFile; fileRef = 09837FF228AE7BFB00E4ECF0 /* ImageCollectionViewCell.swift */; };
		0986123C28AD993100114A4C /* DetailViewController.swift in Sources */ = {isa = PBXBuildFile; fileRef = 0986123B28AD993100114A4C /* DetailViewController.swift */; };
		099411D428B120F000F246B4 /* TVViewModel.swift in Sources */ = {isa = PBXBuildFile; fileRef = 099411D328B120EF00F246B4 /* TVViewModel.swift */; };
		099411D628B1210E00F246B4 /* TVService.swift in Sources */ = {isa = PBXBuildFile; fileRef = 099411D528B1210E00F246B4 /* TVService.swift */; };
		099411D828B124BF00F246B4 /* TVShowsResponse.swift in Sources */ = {isa = PBXBuildFile; fileRef = 099411D728B124BF00F246B4 /* TVShowsResponse.swift */; };
		099411DA28B1262F00F246B4 /* TVShowResponse.swift in Sources */ = {isa = PBXBuildFile; fileRef = 099411D928B1262F00F246B4 /* TVShowResponse.swift */; };
		099411DE28B1B62D00F246B4 /* TVShowModel.swift in Sources */ = {isa = PBXBuildFile; fileRef = 099411DD28B1B62D00F246B4 /* TVShowModel.swift */; };
		09A1280228ADA43A006F1303 /* MovieDetailResponse.swift in Sources */ = {isa = PBXBuildFile; fileRef = 09A1280128ADA43A006F1303 /* MovieDetailResponse.swift */; };
		09A1280528ADA4C8006F1303 /* GenreResponse.swift in Sources */ = {isa = PBXBuildFile; fileRef = 09A1280428ADA4C8006F1303 /* GenreResponse.swift */; };
		09A1280728ADA5B2006F1303 /* DetailService.swift in Sources */ = {isa = PBXBuildFile; fileRef = 09A1280628ADA5B2006F1303 /* DetailService.swift */; };
		09A1280928ADAA4A006F1303 /* DetailViewModel.swift in Sources */ = {isa = PBXBuildFile; fileRef = 09A1280828ADAA4A006F1303 /* DetailViewModel.swift */; };
		09A1280B28ADB49E006F1303 /* SpinnerLoadDelegate.swift in Sources */ = {isa = PBXBuildFile; fileRef = 09A1280A28ADB49E006F1303 /* SpinnerLoadDelegate.swift */; };
		09A1280F28ADBC3C006F1303 /* DetailModel.swift in Sources */ = {isa = PBXBuildFile; fileRef = 09A1280E28ADBC3C006F1303 /* DetailModel.swift */; };
		09A1281628ADDCEF006F1303 /* TVViewController.swift in Sources */ = {isa = PBXBuildFile; fileRef = 09A1281528ADDCEF006F1303 /* TVViewController.swift */; };
		09A4ADFD28AF3DFD004EC568 /* MovieTest.swift in Sources */ = {isa = PBXBuildFile; fileRef = 09A4ADFC28AF3DFD004EC568 /* MovieTest.swift */; };
		09A4AE0528AF422E004EC568 /* movieMock.json in Resources */ = {isa = PBXBuildFile; fileRef = 09A4AE0428AF422D004EC568 /* movieMock.json */; };
		09A4AE0628AF422E004EC568 /* movieMock.json in Resources */ = {isa = PBXBuildFile; fileRef = 09A4AE0428AF422D004EC568 /* movieMock.json */; };
		09A4AE0828AF4345004EC568 /* detailMock.json in Resources */ = {isa = PBXBuildFile; fileRef = 09A4AE0728AF4345004EC568 /* detailMock.json */; };
		09A4AE0928AF4345004EC568 /* detailMock.json in Resources */ = {isa = PBXBuildFile; fileRef = 09A4AE0728AF4345004EC568 /* detailMock.json */; };
		09A4AE0C28AF44F6004EC568 /* MockMovieServiceSuccess.swift in Sources */ = {isa = PBXBuildFile; fileRef = 09A4AE0A28AF44F6004EC568 /* MockMovieServiceSuccess.swift */; };
		09A4AE0F28AF47C7004EC568 /* MockMovieServiceFail.swift in Sources */ = {isa = PBXBuildFile; fileRef = 09A4AE0D28AF47C7004EC568 /* MockMovieServiceFail.swift */; };
		09A4AE1328AF4A5F004EC568 /* DetailMovieTest.swift in Sources */ = {isa = PBXBuildFile; fileRef = 09A4AE1228AF4A5F004EC568 /* DetailMovieTest.swift */; };
		09A4AE1528AF4AD9004EC568 /* DetailMovieServiceSuccess.swift in Sources */ = {isa = PBXBuildFile; fileRef = 09A4AE1428AF4AD9004EC568 /* DetailMovieServiceSuccess.swift */; };
		09A4AE1728AF4B72004EC568 /* DetailMovieServiceFail.swift in Sources */ = {isa = PBXBuildFile; fileRef = 09A4AE1628AF4B72004EC568 /* DetailMovieServiceFail.swift */; };
		09A4AE1D28AF4E87004EC568 /* LogInViewController.swift in Sources */ = {isa = PBXBuildFile; fileRef = 09A4AE1C28AF4E87004EC568 /* LogInViewController.swift */; };
		09B631C528C2621600D516FA /* ImagesLoader.swift in Sources */ = {isa = PBXBuildFile; fileRef = 09B631C428C2621600D516FA /* ImagesLoader.swift */; };
		09B631C728C2624A00D516FA /* UIImageLoader.swift in Sources */ = {isa = PBXBuildFile; fileRef = 09B631C628C2624A00D516FA /* UIImageLoader.swift */; };
		09B631C928C2627600D516FA /* UIImages+Extension.swift in Sources */ = {isa = PBXBuildFile; fileRef = 09B631C828C2627600D516FA /* UIImages+Extension.swift */; };
		09BC2C3728AD2795008842CE /* AppDelegate.swift in Sources */ = {isa = PBXBuildFile; fileRef = 09BC2C3628AD2795008842CE /* AppDelegate.swift */; };
		09BC2C3928AD2795008842CE /* SceneDelegate.swift in Sources */ = {isa = PBXBuildFile; fileRef = 09BC2C3828AD2795008842CE /* SceneDelegate.swift */; };
		09BC2C3B28AD2795008842CE /* MovieViewController.swift in Sources */ = {isa = PBXBuildFile; fileRef = 09BC2C3A28AD2795008842CE /* MovieViewController.swift */; };
		09BC2C4128AD2795008842CE /* The_Movie_DB_App.xcdatamodeld in Sources */ = {isa = PBXBuildFile; fileRef = 09BC2C3F28AD2795008842CE /* The_Movie_DB_App.xcdatamodeld */; };
		09BC2C4328AD2799008842CE /* Assets.xcassets in Resources */ = {isa = PBXBuildFile; fileRef = 09BC2C4228AD2799008842CE /* Assets.xcassets */; };
		09BC2C4628AD2799008842CE /* LaunchScreen.storyboard in Resources */ = {isa = PBXBuildFile; fileRef = 09BC2C4428AD2799008842CE /* LaunchScreen.storyboard */; };
		09BC2C5428AD2834008842CE /* TabBarController.swift in Sources */ = {isa = PBXBuildFile; fileRef = 09BC2C5328AD2834008842CE /* TabBarController.swift */; };
		09BC2C5D28AD3252008842CE /* APIManager.swift in Sources */ = {isa = PBXBuildFile; fileRef = 09BC2C5C28AD3252008842CE /* APIManager.swift */; };
		09BC2C5F28AD3EE1008842CE /* MovieService.swift in Sources */ = {isa = PBXBuildFile; fileRef = 09BC2C5E28AD3EE1008842CE /* MovieService.swift */; };
		09BC2C6128AD43CB008842CE /* MoviesResponse.swift in Sources */ = {isa = PBXBuildFile; fileRef = 09BC2C6028AD43CB008842CE /* MoviesResponse.swift */; };
		09BC2C6328AD4436008842CE /* MovieResponse.swift in Sources */ = {isa = PBXBuildFile; fileRef = 09BC2C6228AD4436008842CE /* MovieResponse.swift */; };
		09BC2C6528AD4AE3008842CE /* MovieViewModel.swift in Sources */ = {isa = PBXBuildFile; fileRef = 09BC2C6428AD4AE3008842CE /* MovieViewModel.swift */; };
		09BC2C6728AD4B84008842CE /* MovieModel.swift in Sources */ = {isa = PBXBuildFile; fileRef = 09BC2C6628AD4B84008842CE /* MovieModel.swift */; };
		09BC2C6928AD4EBE008842CE /* Constants.swift in Sources */ = {isa = PBXBuildFile; fileRef = 09BC2C6828AD4EBE008842CE /* Constants.swift */; };
		09BC2C6E28AD5A31008842CE /* InfoCollectionViewCell.swift in Sources */ = {isa = PBXBuildFile; fileRef = 09BC2C6D28AD5A31008842CE /* InfoCollectionViewCell.swift */; };
		09D772A028B411010002C952 /* TVDetailViewController.swift in Sources */ = {isa = PBXBuildFile; fileRef = 09D7729F28B411010002C952 /* TVDetailViewController.swift */; };
		09D772A228B4164B0002C952 /* TVDetailViewModel.swift in Sources */ = {isa = PBXBuildFile; fileRef = 09D772A128B4164B0002C952 /* TVDetailViewModel.swift */; };
		09D772A628B418890002C952 /* TVShowsDetailResponse.swift in Sources */ = {isa = PBXBuildFile; fileRef = 09D772A528B418890002C952 /* TVShowsDetailResponse.swift */; };
		09D772A828B4190F0002C952 /* TVDetailService.swift in Sources */ = {isa = PBXBuildFile; fileRef = 09D772A728B4190F0002C952 /* TVDetailService.swift */; };
		73051EF99CD8EEF2C7AAB1DA /* Pods_The_Movie_DB_App.framework in Frameworks */ = {isa = PBXBuildFile; fileRef = C7B0EFB98B7C3D4991CF089A /* Pods_The_Movie_DB_App.framework */; };
/* End PBXBuildFile section */

/* Begin PBXContainerItemProxy section */
		09A4ADFE28AF3DFD004EC568 /* PBXContainerItemProxy */ = {
			isa = PBXContainerItemProxy;
			containerPortal = 09BC2C2B28AD2795008842CE /* Project object */;
			proxyType = 1;
			remoteGlobalIDString = 09BC2C3228AD2795008842CE;
			remoteInfo = "The Movie DB App";
		};
/* End PBXContainerItemProxy section */

/* Begin PBXFileReference section */
		0911A81528B56AF800F5B0BD /* TVShowsDetailModel.swift */ = {isa = PBXFileReference; lastKnownFileType = sourcecode.swift; path = TVShowsDetailModel.swift; sourceTree = "<group>"; };
		091CECB628AF657000658984 /* LogInViewModel.swift */ = {isa = PBXFileReference; lastKnownFileType = sourcecode.swift; path = LogInViewModel.swift; sourceTree = "<group>"; };
		091CECB828AF65C200658984 /* ValidationsData.swift */ = {isa = PBXFileReference; lastKnownFileType = sourcecode.swift; path = ValidationsData.swift; sourceTree = "<group>"; };
		091CECBA28AF66E900658984 /* LogInService.swift */ = {isa = PBXFileReference; lastKnownFileType = sourcecode.swift; path = LogInService.swift; sourceTree = "<group>"; };
		091CECBC28AF67FB00658984 /* GuestSessionResponse.swift */ = {isa = PBXFileReference; lastKnownFileType = sourcecode.swift; path = GuestSessionResponse.swift; sourceTree = "<group>"; };
		091D9BE128AF74F6009B6726 /* GoogleService-Info.plist */ = {isa = PBXFileReference; fileEncoding = 4; lastKnownFileType = text.plist.xml; path = "GoogleService-Info.plist"; sourceTree = "<group>"; };
		091D9BEE28AF9FC5009B6726 /* SignUpViewController.swift */ = {isa = PBXFileReference; lastKnownFileType = sourcecode.swift; path = SignUpViewController.swift; sourceTree = "<group>"; };
		091D9BF028AFA084009B6726 /* SignUpViewModel.swift */ = {isa = PBXFileReference; lastKnownFileType = sourcecode.swift; path = SignUpViewModel.swift; sourceTree = "<group>"; };
		091D9BF228AFB0BB009B6726 /* SignUpService.swift */ = {isa = PBXFileReference; lastKnownFileType = sourcecode.swift; path = SignUpService.swift; sourceTree = "<group>"; };
		091D9BF428AFB9E7009B6726 /* UserRepository.swift */ = {isa = PBXFileReference; lastKnownFileType = sourcecode.swift; path = UserRepository.swift; sourceTree = "<group>"; };
		0982FCD028AEE483003BEB33 /* ProfileViewController.swift */ = {isa = PBXFileReference; lastKnownFileType = sourcecode.swift; path = ProfileViewController.swift; sourceTree = "<group>"; };
		0982FCD328AEE5F0003BEB33 /* ProfileViewModel.swift */ = {isa = PBXFileReference; lastKnownFileType = sourcecode.swift; path = ProfileViewModel.swift; sourceTree = "<group>"; };
		09837FEC28AE62D700E4ECF0 /* ShowErrorDelegate.swift */ = {isa = PBXFileReference; lastKnownFileType = sourcecode.swift; path = ShowErrorDelegate.swift; sourceTree = "<group>"; };
		09837FEE28AE652900E4ECF0 /* DataBaseCRUD.swift */ = {isa = PBXFileReference; lastKnownFileType = sourcecode.swift; path = DataBaseCRUD.swift; sourceTree = "<group>"; };
		09837FF028AE65B600E4ECF0 /* CompaniesResponse.swift */ = {isa = PBXFileReference; lastKnownFileType = sourcecode.swift; path = CompaniesResponse.swift; sourceTree = "<group>"; };
		09837FF228AE7BFB00E4ECF0 /* ImageCollectionViewCell.swift */ = {isa = PBXFileReference; lastKnownFileType = sourcecode.swift; path = ImageCollectionViewCell.swift; sourceTree = "<group>"; };
		0986123B28AD993100114A4C /* DetailViewController.swift */ = {isa = PBXFileReference; lastKnownFileType = sourcecode.swift; path = DetailViewController.swift; sourceTree = "<group>"; };
		099411D328B120EF00F246B4 /* TVViewModel.swift */ = {isa = PBXFileReference; lastKnownFileType = sourcecode.swift; path = TVViewModel.swift; sourceTree = "<group>"; };
		099411D528B1210E00F246B4 /* TVService.swift */ = {isa = PBXFileReference; lastKnownFileType = sourcecode.swift; path = TVService.swift; sourceTree = "<group>"; };
		099411D728B124BF00F246B4 /* TVShowsResponse.swift */ = {isa = PBXFileReference; lastKnownFileType = sourcecode.swift; path = TVShowsResponse.swift; sourceTree = "<group>"; };
		099411D928B1262F00F246B4 /* TVShowResponse.swift */ = {isa = PBXFileReference; lastKnownFileType = sourcecode.swift; path = TVShowResponse.swift; sourceTree = "<group>"; };
		099411DD28B1B62D00F246B4 /* TVShowModel.swift */ = {isa = PBXFileReference; lastKnownFileType = sourcecode.swift; path = TVShowModel.swift; sourceTree = "<group>"; };
		09A1280128ADA43A006F1303 /* MovieDetailResponse.swift */ = {isa = PBXFileReference; lastKnownFileType = sourcecode.swift; path = MovieDetailResponse.swift; sourceTree = "<group>"; };
		09A1280428ADA4C8006F1303 /* GenreResponse.swift */ = {isa = PBXFileReference; lastKnownFileType = sourcecode.swift; path = GenreResponse.swift; sourceTree = "<group>"; };
		09A1280628ADA5B2006F1303 /* DetailService.swift */ = {isa = PBXFileReference; lastKnownFileType = sourcecode.swift; path = DetailService.swift; sourceTree = "<group>"; };
		09A1280828ADAA4A006F1303 /* DetailViewModel.swift */ = {isa = PBXFileReference; lastKnownFileType = sourcecode.swift; path = DetailViewModel.swift; sourceTree = "<group>"; };
		09A1280A28ADB49E006F1303 /* SpinnerLoadDelegate.swift */ = {isa = PBXFileReference; lastKnownFileType = sourcecode.swift; path = SpinnerLoadDelegate.swift; sourceTree = "<group>"; };
		09A1280E28ADBC3C006F1303 /* DetailModel.swift */ = {isa = PBXFileReference; lastKnownFileType = sourcecode.swift; path = DetailModel.swift; sourceTree = "<group>"; };
		09A1281528ADDCEF006F1303 /* TVViewController.swift */ = {isa = PBXFileReference; lastKnownFileType = sourcecode.swift; path = TVViewController.swift; sourceTree = "<group>"; };
		09A4ADFA28AF3DFD004EC568 /* Test.xctest */ = {isa = PBXFileReference; explicitFileType = wrapper.cfbundle; includeInIndex = 0; path = Test.xctest; sourceTree = BUILT_PRODUCTS_DIR; };
		09A4ADFC28AF3DFD004EC568 /* MovieTest.swift */ = {isa = PBXFileReference; lastKnownFileType = sourcecode.swift; path = MovieTest.swift; sourceTree = "<group>"; };
		09A4AE0428AF422D004EC568 /* movieMock.json */ = {isa = PBXFileReference; fileEncoding = 4; lastKnownFileType = text.json; path = movieMock.json; sourceTree = "<group>"; };
		09A4AE0728AF4345004EC568 /* detailMock.json */ = {isa = PBXFileReference; fileEncoding = 4; lastKnownFileType = text.json; path = detailMock.json; sourceTree = "<group>"; };
		09A4AE0A28AF44F6004EC568 /* MockMovieServiceSuccess.swift */ = {isa = PBXFileReference; lastKnownFileType = sourcecode.swift; path = MockMovieServiceSuccess.swift; sourceTree = "<group>"; };
		09A4AE0D28AF47C7004EC568 /* MockMovieServiceFail.swift */ = {isa = PBXFileReference; lastKnownFileType = sourcecode.swift; path = MockMovieServiceFail.swift; sourceTree = "<group>"; };
		09A4AE1228AF4A5F004EC568 /* DetailMovieTest.swift */ = {isa = PBXFileReference; lastKnownFileType = sourcecode.swift; path = DetailMovieTest.swift; sourceTree = "<group>"; };
		09A4AE1428AF4AD9004EC568 /* DetailMovieServiceSuccess.swift */ = {isa = PBXFileReference; lastKnownFileType = sourcecode.swift; path = DetailMovieServiceSuccess.swift; sourceTree = "<group>"; };
		09A4AE1628AF4B72004EC568 /* DetailMovieServiceFail.swift */ = {isa = PBXFileReference; lastKnownFileType = sourcecode.swift; path = DetailMovieServiceFail.swift; sourceTree = "<group>"; };
		09A4AE1C28AF4E87004EC568 /* LogInViewController.swift */ = {isa = PBXFileReference; lastKnownFileType = sourcecode.swift; path = LogInViewController.swift; sourceTree = "<group>"; };
		09B631C428C2621600D516FA /* ImagesLoader.swift */ = {isa = PBXFileReference; lastKnownFileType = sourcecode.swift; path = ImagesLoader.swift; sourceTree = "<group>"; };
		09B631C628C2624A00D516FA /* UIImageLoader.swift */ = {isa = PBXFileReference; lastKnownFileType = sourcecode.swift; path = UIImageLoader.swift; sourceTree = "<group>"; };
		09B631C828C2627600D516FA /* UIImages+Extension.swift */ = {isa = PBXFileReference; lastKnownFileType = sourcecode.swift; path = "UIImages+Extension.swift"; sourceTree = "<group>"; };
		09BC2C3328AD2795008842CE /* The Movie DB App.app */ = {isa = PBXFileReference; explicitFileType = wrapper.application; includeInIndex = 0; path = "The Movie DB App.app"; sourceTree = BUILT_PRODUCTS_DIR; };
		09BC2C3628AD2795008842CE /* AppDelegate.swift */ = {isa = PBXFileReference; lastKnownFileType = sourcecode.swift; path = AppDelegate.swift; sourceTree = "<group>"; };
		09BC2C3828AD2795008842CE /* SceneDelegate.swift */ = {isa = PBXFileReference; lastKnownFileType = sourcecode.swift; path = SceneDelegate.swift; sourceTree = "<group>"; };
		09BC2C3A28AD2795008842CE /* MovieViewController.swift */ = {isa = PBXFileReference; lastKnownFileType = sourcecode.swift; path = MovieViewController.swift; sourceTree = "<group>"; };
		09BC2C4028AD2795008842CE /* The_Movie_DB_App.xcdatamodel */ = {isa = PBXFileReference; lastKnownFileType = wrapper.xcdatamodel; path = The_Movie_DB_App.xcdatamodel; sourceTree = "<group>"; };
		09BC2C4228AD2799008842CE /* Assets.xcassets */ = {isa = PBXFileReference; lastKnownFileType = folder.assetcatalog; path = Assets.xcassets; sourceTree = "<group>"; };
		09BC2C4528AD2799008842CE /* Base */ = {isa = PBXFileReference; lastKnownFileType = file.storyboard; name = Base; path = Base.lproj/LaunchScreen.storyboard; sourceTree = "<group>"; };
		09BC2C4728AD2799008842CE /* Info.plist */ = {isa = PBXFileReference; lastKnownFileType = text.plist.xml; path = Info.plist; sourceTree = "<group>"; };
		09BC2C5328AD2834008842CE /* TabBarController.swift */ = {isa = PBXFileReference; lastKnownFileType = sourcecode.swift; path = TabBarController.swift; sourceTree = "<group>"; };
		09BC2C5C28AD3252008842CE /* APIManager.swift */ = {isa = PBXFileReference; lastKnownFileType = sourcecode.swift; path = APIManager.swift; sourceTree = "<group>"; };
		09BC2C5E28AD3EE1008842CE /* MovieService.swift */ = {isa = PBXFileReference; lastKnownFileType = sourcecode.swift; path = MovieService.swift; sourceTree = "<group>"; };
		09BC2C6028AD43CB008842CE /* MoviesResponse.swift */ = {isa = PBXFileReference; lastKnownFileType = sourcecode.swift; path = MoviesResponse.swift; sourceTree = "<group>"; };
		09BC2C6228AD4436008842CE /* MovieResponse.swift */ = {isa = PBXFileReference; lastKnownFileType = sourcecode.swift; path = MovieResponse.swift; sourceTree = "<group>"; };
		09BC2C6428AD4AE3008842CE /* MovieViewModel.swift */ = {isa = PBXFileReference; lastKnownFileType = sourcecode.swift; path = MovieViewModel.swift; sourceTree = "<group>"; };
		09BC2C6628AD4B84008842CE /* MovieModel.swift */ = {isa = PBXFileReference; lastKnownFileType = sourcecode.swift; path = MovieModel.swift; sourceTree = "<group>"; };
		09BC2C6828AD4EBE008842CE /* Constants.swift */ = {isa = PBXFileReference; lastKnownFileType = sourcecode.swift; path = Constants.swift; sourceTree = "<group>"; };
		09BC2C6D28AD5A31008842CE /* InfoCollectionViewCell.swift */ = {isa = PBXFileReference; lastKnownFileType = sourcecode.swift; path = InfoCollectionViewCell.swift; sourceTree = "<group>"; };
		09D7729F28B411010002C952 /* TVDetailViewController.swift */ = {isa = PBXFileReference; lastKnownFileType = sourcecode.swift; path = TVDetailViewController.swift; sourceTree = "<group>"; };
		09D772A128B4164B0002C952 /* TVDetailViewModel.swift */ = {isa = PBXFileReference; lastKnownFileType = sourcecode.swift; path = TVDetailViewModel.swift; sourceTree = "<group>"; };
		09D772A528B418890002C952 /* TVShowsDetailResponse.swift */ = {isa = PBXFileReference; lastKnownFileType = sourcecode.swift; path = TVShowsDetailResponse.swift; sourceTree = "<group>"; };
		09D772A728B4190F0002C952 /* TVDetailService.swift */ = {isa = PBXFileReference; lastKnownFileType = sourcecode.swift; path = TVDetailService.swift; sourceTree = "<group>"; };
		1BA1FE117CD5A08BD68D2683 /* Pods-The Movie DB App.debug.xcconfig */ = {isa = PBXFileReference; includeInIndex = 1; lastKnownFileType = text.xcconfig; name = "Pods-The Movie DB App.debug.xcconfig"; path = "Target Support Files/Pods-The Movie DB App/Pods-The Movie DB App.debug.xcconfig"; sourceTree = "<group>"; };
		237ECE61BE339EAA819FDE9A /* Pods-The Movie DB App.release.xcconfig */ = {isa = PBXFileReference; includeInIndex = 1; lastKnownFileType = text.xcconfig; name = "Pods-The Movie DB App.release.xcconfig"; path = "Target Support Files/Pods-The Movie DB App/Pods-The Movie DB App.release.xcconfig"; sourceTree = "<group>"; };
		C7B0EFB98B7C3D4991CF089A /* Pods_The_Movie_DB_App.framework */ = {isa = PBXFileReference; explicitFileType = wrapper.framework; includeInIndex = 0; path = Pods_The_Movie_DB_App.framework; sourceTree = BUILT_PRODUCTS_DIR; };
/* End PBXFileReference section */

/* Begin PBXFrameworksBuildPhase section */
		09A4ADF728AF3DFD004EC568 /* Frameworks */ = {
			isa = PBXFrameworksBuildPhase;
			buildActionMask = 2147483647;
			files = (
			);
			runOnlyForDeploymentPostprocessing = 0;
		};
		09BC2C3028AD2795008842CE /* Frameworks */ = {
			isa = PBXFrameworksBuildPhase;
			buildActionMask = 2147483647;
			files = (
				73051EF99CD8EEF2C7AAB1DA /* Pods_The_Movie_DB_App.framework in Frameworks */,
			);
			runOnlyForDeploymentPostprocessing = 0;
		};
/* End PBXFrameworksBuildPhase section */

/* Begin PBXGroup section */
		091D9BE628AF9DF1009B6726 /* ViewModel */ = {
			isa = PBXGroup;
			children = (
				091D9BF028AFA084009B6726 /* SignUpViewModel.swift */,
			);
			path = ViewModel;
			sourceTree = "<group>";
		};
		091D9BE728AF9DFD009B6726 /* View */ = {
			isa = PBXGroup;
			children = (
				091D9BEE28AF9FC5009B6726 /* SignUpViewController.swift */,
			);
			path = View;
			sourceTree = "<group>";
		};
		091D9BE828AF9E0B009B6726 /* Model */ = {
			isa = PBXGroup;
			children = (
			);
			path = Model;
			sourceTree = "<group>";
		};
		091D9BE928AF9E11009B6726 /* Service */ = {
			isa = PBXGroup;
			children = (
				091D9BF228AFB0BB009B6726 /* SignUpService.swift */,
			);
			path = Service;
			sourceTree = "<group>";
		};
		0982FCCB28AEE445003BEB33 /* Profile */ = {
			isa = PBXGroup;
			children = (
				0982FCCF28AEE46B003BEB33 /* Service */,
				0982FCCE28AEE465003BEB33 /* Model */,
				0982FCCD28AEE460003BEB33 /* View */,
				0982FCCC28AEE459003BEB33 /* ViewModel */,
			);
			path = Profile;
			sourceTree = "<group>";
		};
		0982FCCC28AEE459003BEB33 /* ViewModel */ = {
			isa = PBXGroup;
			children = (
				0982FCD328AEE5F0003BEB33 /* ProfileViewModel.swift */,
			);
			path = ViewModel;
			sourceTree = "<group>";
		};
		0982FCCD28AEE460003BEB33 /* View */ = {
			isa = PBXGroup;
			children = (
				0982FCD028AEE483003BEB33 /* ProfileViewController.swift */,
			);
			path = View;
			sourceTree = "<group>";
		};
		0982FCCE28AEE465003BEB33 /* Model */ = {
			isa = PBXGroup;
			children = (
			);
			path = Model;
			sourceTree = "<group>";
		};
		0982FCCF28AEE46B003BEB33 /* Service */ = {
			isa = PBXGroup;
			children = (
			);
			path = Service;
			sourceTree = "<group>";
		};
		0986123628AD98DE00114A4C /* DetailMovie */ = {
			isa = PBXGroup;
			children = (
				0986123A28AD990900114A4C /* Service */,
				0986123928AD990400114A4C /* Model */,
				0986123828AD98FE00114A4C /* View */,
				0986123728AD98F100114A4C /* ViewModel */,
			);
			path = DetailMovie;
			sourceTree = "<group>";
		};
		0986123728AD98F100114A4C /* ViewModel */ = {
			isa = PBXGroup;
			children = (
				09A1280828ADAA4A006F1303 /* DetailViewModel.swift */,
			);
			path = ViewModel;
			sourceTree = "<group>";
		};
		0986123828AD98FE00114A4C /* View */ = {
			isa = PBXGroup;
			children = (
				0986123B28AD993100114A4C /* DetailViewController.swift */,
			);
			path = View;
			sourceTree = "<group>";
		};
		0986123928AD990400114A4C /* Model */ = {
			isa = PBXGroup;
			children = (
				09A1280128ADA43A006F1303 /* MovieDetailResponse.swift */,
				09A1280428ADA4C8006F1303 /* GenreResponse.swift */,
				09A1280E28ADBC3C006F1303 /* DetailModel.swift */,
				09837FF028AE65B600E4ECF0 /* CompaniesResponse.swift */,
			);
			path = Model;
			sourceTree = "<group>";
		};
		0986123A28AD990900114A4C /* Service */ = {
			isa = PBXGroup;
			children = (
				09A1280628ADA5B2006F1303 /* DetailService.swift */,
			);
			path = Service;
			sourceTree = "<group>";
		};
		09A1281028ADDA56006F1303 /* TvShows */ = {
			isa = PBXGroup;
			children = (
				09A1281428ADDA8A006F1303 /* Service */,
				09A1281328ADDA7E006F1303 /* Model */,
				09A1281228ADDA77006F1303 /* View */,
				09A1281128ADDA6C006F1303 /* ViewModel */,
			);
			path = TvShows;
			sourceTree = "<group>";
		};
		09A1281128ADDA6C006F1303 /* ViewModel */ = {
			isa = PBXGroup;
			children = (
				099411D328B120EF00F246B4 /* TVViewModel.swift */,
			);
			path = ViewModel;
			sourceTree = "<group>";
		};
		09A1281228ADDA77006F1303 /* View */ = {
			isa = PBXGroup;
			children = (
				09A1281528ADDCEF006F1303 /* TVViewController.swift */,
			);
			path = View;
			sourceTree = "<group>";
		};
		09A1281328ADDA7E006F1303 /* Model */ = {
			isa = PBXGroup;
			children = (
				099411D728B124BF00F246B4 /* TVShowsResponse.swift */,
				099411D928B1262F00F246B4 /* TVShowResponse.swift */,
				099411DD28B1B62D00F246B4 /* TVShowModel.swift */,
			);
			path = Model;
			sourceTree = "<group>";
		};
		09A1281428ADDA8A006F1303 /* Service */ = {
			isa = PBXGroup;
			children = (
				099411D528B1210E00F246B4 /* TVService.swift */,
			);
			path = Service;
			sourceTree = "<group>";
		};
		09A4ADFB28AF3DFD004EC568 /* Test */ = {
			isa = PBXGroup;
			children = (
				09A4AE1128AF4A18004EC568 /* DetailMovie */,
				09A4AE1028AF4A07004EC568 /* Movie */,
			);
			path = Test;
			sourceTree = "<group>";
		};
		09A4AE0328AF4066004EC568 /* MockData */ = {
			isa = PBXGroup;
			children = (
				09A4AE0428AF422D004EC568 /* movieMock.json */,
				09A4AE0728AF4345004EC568 /* detailMock.json */,
			);
			path = MockData;
			sourceTree = "<group>";
		};
		09A4AE1028AF4A07004EC568 /* Movie */ = {
			isa = PBXGroup;
			children = (
				09A4AE0D28AF47C7004EC568 /* MockMovieServiceFail.swift */,
				09A4AE0A28AF44F6004EC568 /* MockMovieServiceSuccess.swift */,
				09A4ADFC28AF3DFD004EC568 /* MovieTest.swift */,
			);
			path = Movie;
			sourceTree = "<group>";
		};
		09A4AE1128AF4A18004EC568 /* DetailMovie */ = {
			isa = PBXGroup;
			children = (
				09A4AE1228AF4A5F004EC568 /* DetailMovieTest.swift */,
				09A4AE1428AF4AD9004EC568 /* DetailMovieServiceSuccess.swift */,
				09A4AE1628AF4B72004EC568 /* DetailMovieServiceFail.swift */,
			);
			path = DetailMovie;
			sourceTree = "<group>";
		};
		09A4AE1828AF4E44004EC568 /* ViewModel */ = {
			isa = PBXGroup;
			children = (
				091CECB628AF657000658984 /* LogInViewModel.swift */,
			);
			path = ViewModel;
			sourceTree = "<group>";
		};
		09A4AE1928AF4E4C004EC568 /* View */ = {
			isa = PBXGroup;
			children = (
				09A4AE1C28AF4E87004EC568 /* LogInViewController.swift */,
			);
			path = View;
			sourceTree = "<group>";
		};
		09A4AE1A28AF4E51004EC568 /* Model */ = {
			isa = PBXGroup;
			children = (
				091CECBC28AF67FB00658984 /* GuestSessionResponse.swift */,
			);
			path = Model;
			sourceTree = "<group>";
		};
		09A4AE1B28AF4E57004EC568 /* Service */ = {
			isa = PBXGroup;
			children = (
				091CECBA28AF66E900658984 /* LogInService.swift */,
			);
			path = Service;
			sourceTree = "<group>";
		};
		09B1B0EC28B6B791006DB7DA /* OnBoarding */ = {
			isa = PBXGroup;
			children = (
				091D9BF428AFB9E7009B6726 /* UserRepository.swift */,
			);
			path = OnBoarding;
			sourceTree = "<group>";
		};
		09B631C328C261E300D516FA /* LoaderImages */ = {
			isa = PBXGroup;
			children = (
				09B631C428C2621600D516FA /* ImagesLoader.swift */,
				09B631C628C2624A00D516FA /* UIImageLoader.swift */,
				09B631C828C2627600D516FA /* UIImages+Extension.swift */,
			);
			path = LoaderImages;
			sourceTree = "<group>";
		};
		09BC2C2A28AD2795008842CE = {
			isa = PBXGroup;
			children = (
				09BC2C3528AD2795008842CE /* The Movie DB App */,
				09A4ADFB28AF3DFD004EC568 /* Test */,
				09BC2C3428AD2795008842CE /* Products */,
				AAA3698615C8A241EA2D5342 /* Pods */,
				2A43207ED67B0973A71BF7D4 /* Frameworks */,
			);
			sourceTree = "<group>";
		};
		09BC2C3428AD2795008842CE /* Products */ = {
			isa = PBXGroup;
			children = (
				09BC2C3328AD2795008842CE /* The Movie DB App.app */,
				09A4ADFA28AF3DFD004EC568 /* Test.xctest */,
			);
			name = Products;
			sourceTree = "<group>";
		};
		09BC2C3528AD2795008842CE /* The Movie DB App */ = {
			isa = PBXGroup;
			children = (
				09BC2C4D28AD27BD008842CE /* App */,
				09BC2C3628AD2795008842CE /* AppDelegate.swift */,
				09BC2C3828AD2795008842CE /* SceneDelegate.swift */,
				09BC2C4228AD2799008842CE /* Assets.xcassets */,
				09BC2C4428AD2799008842CE /* LaunchScreen.storyboard */,
				09BC2C4728AD2799008842CE /* Info.plist */,
				091D9BE128AF74F6009B6726 /* GoogleService-Info.plist */,
			);
			path = "The Movie DB App";
			sourceTree = "<group>";
		};
		09BC2C4D28AD27BD008842CE /* App */ = {
			isa = PBXGroup;
			children = (
				09A4AE0328AF4066004EC568 /* MockData */,
				09BC2C5028AD27D5008842CE /* Utils */,
				09BC2C4F28AD27C8008842CE /* Share */,
				09BC2C4E28AD27C2008842CE /* Moduls */,
			);
			path = App;
			sourceTree = "<group>";
		};
		09BC2C4E28AD27C2008842CE /* Moduls */ = {
			isa = PBXGroup;
			children = (
				09B1B0EC28B6B791006DB7DA /* OnBoarding */,
				09D7729A28B410920002C952 /* DetailTvShow */,
				0982FCCB28AEE445003BEB33 /* Profile */,
				09A1281028ADDA56006F1303 /* TvShows */,
				0986123628AD98DE00114A4C /* DetailMovie */,
				09BC2C5728AD2866008842CE /* Movie */,
				09BC2C5628AD285F008842CE /* LogIn */,
				09BC2C5528AD2854008842CE /* SignIn */,
			);
			path = Moduls;
			sourceTree = "<group>";
		};
		09BC2C4F28AD27C8008842CE /* Share */ = {
			isa = PBXGroup;
			children = (
				09BC2C5228AD27E7008842CE /* DataBase */,
				09BC2C5128AD27DB008842CE /* Networking */,
				09BC2C6828AD4EBE008842CE /* Constants.swift */,
			);
			path = Share;
			sourceTree = "<group>";
		};
		09BC2C5028AD27D5008842CE /* Utils */ = {
			isa = PBXGroup;
			children = (
				09B631C328C261E300D516FA /* LoaderImages */,
				09EC7B8228AF13D0007907F6 /* Models */,
				09BC2C6C28AD5A03008842CE /* Cells */,
				09BC2C5328AD2834008842CE /* TabBarController.swift */,
				09A1280A28ADB49E006F1303 /* SpinnerLoadDelegate.swift */,
				09837FEC28AE62D700E4ECF0 /* ShowErrorDelegate.swift */,
				091CECB828AF65C200658984 /* ValidationsData.swift */,
			);
			path = Utils;
			sourceTree = "<group>";
		};
		09BC2C5128AD27DB008842CE /* Networking */ = {
			isa = PBXGroup;
			children = (
				09BC2C5C28AD3252008842CE /* APIManager.swift */,
			);
			path = Networking;
			sourceTree = "<group>";
		};
		09BC2C5228AD27E7008842CE /* DataBase */ = {
			isa = PBXGroup;
			children = (
				09BC2C3F28AD2795008842CE /* The_Movie_DB_App.xcdatamodeld */,
				09837FEE28AE652900E4ECF0 /* DataBaseCRUD.swift */,
			);
			path = DataBase;
			sourceTree = "<group>";
		};
		09BC2C5528AD2854008842CE /* SignIn */ = {
			isa = PBXGroup;
			children = (
				091D9BE928AF9E11009B6726 /* Service */,
				091D9BE828AF9E0B009B6726 /* Model */,
				091D9BE728AF9DFD009B6726 /* View */,
				091D9BE628AF9DF1009B6726 /* ViewModel */,
			);
			path = SignIn;
			sourceTree = "<group>";
		};
		09BC2C5628AD285F008842CE /* LogIn */ = {
			isa = PBXGroup;
			children = (
				09A4AE1B28AF4E57004EC568 /* Service */,
				09A4AE1A28AF4E51004EC568 /* Model */,
				09A4AE1928AF4E4C004EC568 /* View */,
				09A4AE1828AF4E44004EC568 /* ViewModel */,
			);
			path = LogIn;
			sourceTree = "<group>";
		};
		09BC2C5728AD2866008842CE /* Movie */ = {
			isa = PBXGroup;
			children = (
				09BC2C5B28AD2885008842CE /* Service */,
				09BC2C5A28AD2879008842CE /* Model */,
				09BC2C5928AD2874008842CE /* View */,
				09BC2C5828AD286E008842CE /* ViewModel */,
			);
			path = Movie;
			sourceTree = "<group>";
		};
		09BC2C5828AD286E008842CE /* ViewModel */ = {
			isa = PBXGroup;
			children = (
				09BC2C6428AD4AE3008842CE /* MovieViewModel.swift */,
			);
			path = ViewModel;
			sourceTree = "<group>";
		};
		09BC2C5928AD2874008842CE /* View */ = {
			isa = PBXGroup;
			children = (
				09BC2C3A28AD2795008842CE /* MovieViewController.swift */,
			);
			path = View;
			sourceTree = "<group>";
		};
		09BC2C5A28AD2879008842CE /* Model */ = {
			isa = PBXGroup;
			children = (
				09BC2C6028AD43CB008842CE /* MoviesResponse.swift */,
				09BC2C6228AD4436008842CE /* MovieResponse.swift */,
			);
			path = Model;
			sourceTree = "<group>";
		};
		09BC2C5B28AD2885008842CE /* Service */ = {
			isa = PBXGroup;
			children = (
				09BC2C5E28AD3EE1008842CE /* MovieService.swift */,
			);
			path = Service;
			sourceTree = "<group>";
		};
		09BC2C6C28AD5A03008842CE /* Cells */ = {
			isa = PBXGroup;
			children = (
				09BC2C6D28AD5A31008842CE /* InfoCollectionViewCell.swift */,
				09837FF228AE7BFB00E4ECF0 /* ImageCollectionViewCell.swift */,
			);
			path = Cells;
			sourceTree = "<group>";
		};
		09D7729A28B410920002C952 /* DetailTvShow */ = {
			isa = PBXGroup;
			children = (
				09D7729E28B410B60002C952 /* Service */,
				09D7729D28B410AA0002C952 /* Model */,
				09D7729C28B410A50002C952 /* View */,
				09D7729B28B4109F0002C952 /* ViewModel */,
			);
			path = DetailTvShow;
			sourceTree = "<group>";
		};
		09D7729B28B4109F0002C952 /* ViewModel */ = {
			isa = PBXGroup;
			children = (
				09D772A128B4164B0002C952 /* TVDetailViewModel.swift */,
			);
			path = ViewModel;
			sourceTree = "<group>";
		};
		09D7729C28B410A50002C952 /* View */ = {
			isa = PBXGroup;
			children = (
				09D7729F28B411010002C952 /* TVDetailViewController.swift */,
			);
			path = View;
			sourceTree = "<group>";
		};
		09D7729D28B410AA0002C952 /* Model */ = {
			isa = PBXGroup;
			children = (
				09D772A528B418890002C952 /* TVShowsDetailResponse.swift */,
				0911A81528B56AF800F5B0BD /* TVShowsDetailModel.swift */,
			);
			path = Model;
			sourceTree = "<group>";
		};
		09D7729E28B410B60002C952 /* Service */ = {
			isa = PBXGroup;
			children = (
				09D772A728B4190F0002C952 /* TVDetailService.swift */,
			);
			path = Service;
			sourceTree = "<group>";
		};
		09EC7B8228AF13D0007907F6 /* Models */ = {
			isa = PBXGroup;
			children = (
				09BC2C6628AD4B84008842CE /* MovieModel.swift */,
			);
			path = Models;
			sourceTree = "<group>";
		};
		2A43207ED67B0973A71BF7D4 /* Frameworks */ = {
			isa = PBXGroup;
			children = (
				C7B0EFB98B7C3D4991CF089A /* Pods_The_Movie_DB_App.framework */,
			);
			name = Frameworks;
			sourceTree = "<group>";
		};
		AAA3698615C8A241EA2D5342 /* Pods */ = {
			isa = PBXGroup;
			children = (
				1BA1FE117CD5A08BD68D2683 /* Pods-The Movie DB App.debug.xcconfig */,
				237ECE61BE339EAA819FDE9A /* Pods-The Movie DB App.release.xcconfig */,
			);
			path = Pods;
			sourceTree = "<group>";
		};
/* End PBXGroup section */

/* Begin PBXNativeTarget section */
		09A4ADF928AF3DFD004EC568 /* Test */ = {
			isa = PBXNativeTarget;
			buildConfigurationList = 09A4AE0028AF3DFD004EC568 /* Build configuration list for PBXNativeTarget "Test" */;
			buildPhases = (
				09A4ADF628AF3DFD004EC568 /* Sources */,
				09A4ADF728AF3DFD004EC568 /* Frameworks */,
				09A4ADF828AF3DFD004EC568 /* Resources */,
			);
			buildRules = (
			);
			dependencies = (
				09A4ADFF28AF3DFD004EC568 /* PBXTargetDependency */,
			);
			name = Test;
			productName = Test;
			productReference = 09A4ADFA28AF3DFD004EC568 /* Test.xctest */;
			productType = "com.apple.product-type.bundle.unit-test";
		};
		09BC2C3228AD2795008842CE /* The Movie DB App */ = {
			isa = PBXNativeTarget;
			buildConfigurationList = 09BC2C4A28AD2799008842CE /* Build configuration list for PBXNativeTarget "The Movie DB App" */;
			buildPhases = (
				3053C236B68DE175FD0BE91A /* [CP] Check Pods Manifest.lock */,
				09BC2C2F28AD2795008842CE /* Sources */,
				09BC2C3028AD2795008842CE /* Frameworks */,
				09BC2C3128AD2795008842CE /* Resources */,
				015192EDEA25CA1C2D069368 /* [CP] Embed Pods Frameworks */,
			);
			buildRules = (
			);
			dependencies = (
			);
			name = "The Movie DB App";
			productName = "The Movie DB App";
			productReference = 09BC2C3328AD2795008842CE /* The Movie DB App.app */;
			productType = "com.apple.product-type.application";
		};
/* End PBXNativeTarget section */

/* Begin PBXProject section */
		09BC2C2B28AD2795008842CE /* Project object */ = {
			isa = PBXProject;
			attributes = {
				BuildIndependentTargetsInParallel = 1;
				LastSwiftUpdateCheck = 1340;
				LastUpgradeCheck = 1340;
				TargetAttributes = {
					09A4ADF928AF3DFD004EC568 = {
						CreatedOnToolsVersion = 13.4;
						TestTargetID = 09BC2C3228AD2795008842CE;
					};
					09BC2C3228AD2795008842CE = {
						CreatedOnToolsVersion = 13.4;
					};
				};
			};
			buildConfigurationList = 09BC2C2E28AD2795008842CE /* Build configuration list for PBXProject "The Movie DB App" */;
			compatibilityVersion = "Xcode 13.0";
			developmentRegion = en;
			hasScannedForEncodings = 0;
			knownRegions = (
				en,
				Base,
			);
			mainGroup = 09BC2C2A28AD2795008842CE;
			productRefGroup = 09BC2C3428AD2795008842CE /* Products */;
			projectDirPath = "";
			projectRoot = "";
			targets = (
				09BC2C3228AD2795008842CE /* The Movie DB App */,
				09A4ADF928AF3DFD004EC568 /* Test */,
			);
		};
/* End PBXProject section */

/* Begin PBXResourcesBuildPhase section */
		09A4ADF828AF3DFD004EC568 /* Resources */ = {
			isa = PBXResourcesBuildPhase;
			buildActionMask = 2147483647;
			files = (
				09A4AE0928AF4345004EC568 /* detailMock.json in Resources */,
				09A4AE0628AF422E004EC568 /* movieMock.json in Resources */,
			);
			runOnlyForDeploymentPostprocessing = 0;
		};
		09BC2C3128AD2795008842CE /* Resources */ = {
			isa = PBXResourcesBuildPhase;
			buildActionMask = 2147483647;
			files = (
				09A4AE0828AF4345004EC568 /* detailMock.json in Resources */,
				09BC2C4628AD2799008842CE /* LaunchScreen.storyboard in Resources */,
				091D9BE228AF74F6009B6726 /* GoogleService-Info.plist in Resources */,
				09BC2C4328AD2799008842CE /* Assets.xcassets in Resources */,
				09A4AE0528AF422E004EC568 /* movieMock.json in Resources */,
			);
			runOnlyForDeploymentPostprocessing = 0;
		};
/* End PBXResourcesBuildPhase section */

/* Begin PBXShellScriptBuildPhase section */
		015192EDEA25CA1C2D069368 /* [CP] Embed Pods Frameworks */ = {
			isa = PBXShellScriptBuildPhase;
			buildActionMask = 2147483647;
			files = (
			);
			inputFileListPaths = (
				"${PODS_ROOT}/Target Support Files/Pods-The Movie DB App/Pods-The Movie DB App-frameworks-${CONFIGURATION}-input-files.xcfilelist",
			);
			name = "[CP] Embed Pods Frameworks";
			outputFileListPaths = (
				"${PODS_ROOT}/Target Support Files/Pods-The Movie DB App/Pods-The Movie DB App-frameworks-${CONFIGURATION}-output-files.xcfilelist",
			);
			runOnlyForDeploymentPostprocessing = 0;
			shellPath = /bin/sh;
			shellScript = "\"${PODS_ROOT}/Target Support Files/Pods-The Movie DB App/Pods-The Movie DB App-frameworks.sh\"\n";
			showEnvVarsInLog = 0;
		};
		3053C236B68DE175FD0BE91A /* [CP] Check Pods Manifest.lock */ = {
			isa = PBXShellScriptBuildPhase;
			buildActionMask = 2147483647;
			files = (
			);
			inputFileListPaths = (
			);
			inputPaths = (
				"${PODS_PODFILE_DIR_PATH}/Podfile.lock",
				"${PODS_ROOT}/Manifest.lock",
			);
			name = "[CP] Check Pods Manifest.lock";
			outputFileListPaths = (
			);
			outputPaths = (
				"$(DERIVED_FILE_DIR)/Pods-The Movie DB App-checkManifestLockResult.txt",
			);
			runOnlyForDeploymentPostprocessing = 0;
			shellPath = /bin/sh;
			shellScript = "diff \"${PODS_PODFILE_DIR_PATH}/Podfile.lock\" \"${PODS_ROOT}/Manifest.lock\" > /dev/null\nif [ $? != 0 ] ; then\n    # print error to STDERR\n    echo \"error: The sandbox is not in sync with the Podfile.lock. Run 'pod install' or update your CocoaPods installation.\" >&2\n    exit 1\nfi\n# This output is used by Xcode 'outputs' to avoid re-running this script phase.\necho \"SUCCESS\" > \"${SCRIPT_OUTPUT_FILE_0}\"\n";
			showEnvVarsInLog = 0;
		};
/* End PBXShellScriptBuildPhase section */

/* Begin PBXSourcesBuildPhase section */
		09A4ADF628AF3DFD004EC568 /* Sources */ = {
			isa = PBXSourcesBuildPhase;
			buildActionMask = 2147483647;
			files = (
				09A4AE0C28AF44F6004EC568 /* MockMovieServiceSuccess.swift in Sources */,
				09A4AE0F28AF47C7004EC568 /* MockMovieServiceFail.swift in Sources */,
				09A4ADFD28AF3DFD004EC568 /* MovieTest.swift in Sources */,
				09A4AE1528AF4AD9004EC568 /* DetailMovieServiceSuccess.swift in Sources */,
				09A4AE1328AF4A5F004EC568 /* DetailMovieTest.swift in Sources */,
				09A4AE1728AF4B72004EC568 /* DetailMovieServiceFail.swift in Sources */,
			);
			runOnlyForDeploymentPostprocessing = 0;
		};
		09BC2C2F28AD2795008842CE /* Sources */ = {
			isa = PBXSourcesBuildPhase;
			buildActionMask = 2147483647;
			files = (
				099411D428B120F000F246B4 /* TVViewModel.swift in Sources */,
				09BC2C6728AD4B84008842CE /* MovieModel.swift in Sources */,
				09BC2C6E28AD5A31008842CE /* InfoCollectionViewCell.swift in Sources */,
				09837FF328AE7BFB00E4ECF0 /* ImageCollectionViewCell.swift in Sources */,
				09BC2C5D28AD3252008842CE /* APIManager.swift in Sources */,
				09B631C728C2624A00D516FA /* UIImageLoader.swift in Sources */,
				09BC2C6528AD4AE3008842CE /* MovieViewModel.swift in Sources */,
				09BC2C3B28AD2795008842CE /* MovieViewController.swift in Sources */,
				0982FCD428AEE5F0003BEB33 /* ProfileViewModel.swift in Sources */,
				0982FCD128AEE483003BEB33 /* ProfileViewController.swift in Sources */,
				09BC2C3728AD2795008842CE /* AppDelegate.swift in Sources */,
				09B631C528C2621600D516FA /* ImagesLoader.swift in Sources */,
				09A1280728ADA5B2006F1303 /* DetailService.swift in Sources */,
				09D772A028B411010002C952 /* TVDetailViewController.swift in Sources */,
				09D772A628B418890002C952 /* TVShowsDetailResponse.swift in Sources */,
				099411DA28B1262F00F246B4 /* TVShowResponse.swift in Sources */,
				09BC2C4128AD2795008842CE /* The_Movie_DB_App.xcdatamodeld in Sources */,
				0911A81628B56AF800F5B0BD /* TVShowsDetailModel.swift in Sources */,
				099411D828B124BF00F246B4 /* TVShowsResponse.swift in Sources */,
				09D772A228B4164B0002C952 /* TVDetailViewModel.swift in Sources */,
				09837FEF28AE652900E4ECF0 /* DataBaseCRUD.swift in Sources */,
				09B631C928C2627600D516FA /* UIImages+Extension.swift in Sources */,
				09A1281628ADDCEF006F1303 /* TVViewController.swift in Sources */,
				09A1280528ADA4C8006F1303 /* GenreResponse.swift in Sources */,
				091D9BF528AFB9E7009B6726 /* UserRepository.swift in Sources */,
				09837FED28AE62D700E4ECF0 /* ShowErrorDelegate.swift in Sources */,
				09A1280F28ADBC3C006F1303 /* DetailModel.swift in Sources */,
				091CECB728AF657000658984 /* LogInViewModel.swift in Sources */,
				091CECB928AF65C200658984 /* ValidationsData.swift in Sources */,
				09BC2C5428AD2834008842CE /* TabBarController.swift in Sources */,
				09D772A828B4190F0002C952 /* TVDetailService.swift in Sources */,
				09A1280B28ADB49E006F1303 /* SpinnerLoadDelegate.swift in Sources */,
				09BC2C6128AD43CB008842CE /* MoviesResponse.swift in Sources */,
				091D9BEF28AF9FC5009B6726 /* SignUpViewController.swift in Sources */,
				09A4AE1D28AF4E87004EC568 /* LogInViewController.swift in Sources */,
				091CECBB28AF66E900658984 /* LogInService.swift in Sources */,
				099411D628B1210E00F246B4 /* TVService.swift in Sources */,
				091D9BF328AFB0BB009B6726 /* SignUpService.swift in Sources */,
				09837FF128AE65B600E4ECF0 /* CompaniesResponse.swift in Sources */,
				09BC2C6328AD4436008842CE /* MovieResponse.swift in Sources */,
				091D9BF128AFA084009B6726 /* SignUpViewModel.swift in Sources */,
				09BC2C3928AD2795008842CE /* SceneDelegate.swift in Sources */,
				09A1280928ADAA4A006F1303 /* DetailViewModel.swift in Sources */,
				09BC2C5F28AD3EE1008842CE /* MovieService.swift in Sources */,
				09A1280228ADA43A006F1303 /* MovieDetailResponse.swift in Sources */,
				091CECBD28AF67FB00658984 /* GuestSessionResponse.swift in Sources */,
				09BC2C6928AD4EBE008842CE /* Constants.swift in Sources */,
				099411DE28B1B62D00F246B4 /* TVShowModel.swift in Sources */,
				0986123C28AD993100114A4C /* DetailViewController.swift in Sources */,
			);
			runOnlyForDeploymentPostprocessing = 0;
		};
/* End PBXSourcesBuildPhase section */

/* Begin PBXTargetDependency section */
		09A4ADFF28AF3DFD004EC568 /* PBXTargetDependency */ = {
			isa = PBXTargetDependency;
			target = 09BC2C3228AD2795008842CE /* The Movie DB App */;
			targetProxy = 09A4ADFE28AF3DFD004EC568 /* PBXContainerItemProxy */;
		};
/* End PBXTargetDependency section */

/* Begin PBXVariantGroup section */
		09BC2C4428AD2799008842CE /* LaunchScreen.storyboard */ = {
			isa = PBXVariantGroup;
			children = (
				09BC2C4528AD2799008842CE /* Base */,
			);
			name = LaunchScreen.storyboard;
			sourceTree = "<group>";
		};
/* End PBXVariantGroup section */

/* Begin XCBuildConfiguration section */
		09A4AE0128AF3DFD004EC568 /* Debug */ = {
			isa = XCBuildConfiguration;
			buildSettings = {
				BUNDLE_LOADER = "$(TEST_HOST)";
				CODE_SIGN_STYLE = Automatic;
				CURRENT_PROJECT_VERSION = 1;
				DEVELOPMENT_TEAM = 5WR73Q6863;
				GENERATE_INFOPLIST_FILE = YES;
				MARKETING_VERSION = 1.0;
				PRODUCT_BUNDLE_IDENTIFIER = com.adriancysvillegas.Test;
				PRODUCT_NAME = "$(TARGET_NAME)";
				SWIFT_EMIT_LOC_STRINGS = NO;
				SWIFT_VERSION = 5.0;
				TARGETED_DEVICE_FAMILY = "1,2";
				TEST_HOST = "$(BUILT_PRODUCTS_DIR)/The Movie DB App.app/The Movie DB App";
			};
			name = Debug;
		};
		09A4AE0228AF3DFD004EC568 /* Release */ = {
			isa = XCBuildConfiguration;
			buildSettings = {
				BUNDLE_LOADER = "$(TEST_HOST)";
				CODE_SIGN_STYLE = Automatic;
				CURRENT_PROJECT_VERSION = 1;
				DEVELOPMENT_TEAM = 5WR73Q6863;
				GENERATE_INFOPLIST_FILE = YES;
				MARKETING_VERSION = 1.0;
				PRODUCT_BUNDLE_IDENTIFIER = com.adriancysvillegas.Test;
				PRODUCT_NAME = "$(TARGET_NAME)";
				SWIFT_EMIT_LOC_STRINGS = NO;
				SWIFT_VERSION = 5.0;
				TARGETED_DEVICE_FAMILY = "1,2";
				TEST_HOST = "$(BUILT_PRODUCTS_DIR)/The Movie DB App.app/The Movie DB App";
			};
			name = Release;
		};
		09BC2C4828AD2799008842CE /* Debug */ = {
			isa = XCBuildConfiguration;
			buildSettings = {
				ALWAYS_SEARCH_USER_PATHS = NO;
				CLANG_ANALYZER_NONNULL = YES;
				CLANG_ANALYZER_NUMBER_OBJECT_CONVERSION = YES_AGGRESSIVE;
				CLANG_CXX_LANGUAGE_STANDARD = "gnu++17";
				CLANG_ENABLE_MODULES = YES;
				CLANG_ENABLE_OBJC_ARC = YES;
				CLANG_ENABLE_OBJC_WEAK = YES;
				CLANG_WARN_BLOCK_CAPTURE_AUTORELEASING = YES;
				CLANG_WARN_BOOL_CONVERSION = YES;
				CLANG_WARN_COMMA = YES;
				CLANG_WARN_CONSTANT_CONVERSION = YES;
				CLANG_WARN_DEPRECATED_OBJC_IMPLEMENTATIONS = YES;
				CLANG_WARN_DIRECT_OBJC_ISA_USAGE = YES_ERROR;
				CLANG_WARN_DOCUMENTATION_COMMENTS = YES;
				CLANG_WARN_EMPTY_BODY = YES;
				CLANG_WARN_ENUM_CONVERSION = YES;
				CLANG_WARN_INFINITE_RECURSION = YES;
				CLANG_WARN_INT_CONVERSION = YES;
				CLANG_WARN_NON_LITERAL_NULL_CONVERSION = YES;
				CLANG_WARN_OBJC_IMPLICIT_RETAIN_SELF = YES;
				CLANG_WARN_OBJC_LITERAL_CONVERSION = YES;
				CLANG_WARN_OBJC_ROOT_CLASS = YES_ERROR;
				CLANG_WARN_QUOTED_INCLUDE_IN_FRAMEWORK_HEADER = YES;
				CLANG_WARN_RANGE_LOOP_ANALYSIS = YES;
				CLANG_WARN_STRICT_PROTOTYPES = YES;
				CLANG_WARN_SUSPICIOUS_MOVE = YES;
				CLANG_WARN_UNGUARDED_AVAILABILITY = YES_AGGRESSIVE;
				CLANG_WARN_UNREACHABLE_CODE = YES;
				CLANG_WARN__DUPLICATE_METHOD_MATCH = YES;
				COPY_PHASE_STRIP = NO;
				DEBUG_INFORMATION_FORMAT = dwarf;
				ENABLE_STRICT_OBJC_MSGSEND = YES;
				ENABLE_TESTABILITY = YES;
				GCC_C_LANGUAGE_STANDARD = gnu11;
				GCC_DYNAMIC_NO_PIC = NO;
				GCC_NO_COMMON_BLOCKS = YES;
				GCC_OPTIMIZATION_LEVEL = 0;
				GCC_PREPROCESSOR_DEFINITIONS = (
					"DEBUG=1",
					"$(inherited)",
				);
				GCC_WARN_64_TO_32_BIT_CONVERSION = YES;
				GCC_WARN_ABOUT_RETURN_TYPE = YES_ERROR;
				GCC_WARN_UNDECLARED_SELECTOR = YES;
				GCC_WARN_UNINITIALIZED_AUTOS = YES_AGGRESSIVE;
				GCC_WARN_UNUSED_FUNCTION = YES;
				GCC_WARN_UNUSED_VARIABLE = YES;
				IPHONEOS_DEPLOYMENT_TARGET = 15.5;
				MTL_ENABLE_DEBUG_INFO = INCLUDE_SOURCE;
				MTL_FAST_MATH = YES;
				ONLY_ACTIVE_ARCH = YES;
				SDKROOT = iphoneos;
				SWIFT_ACTIVE_COMPILATION_CONDITIONS = DEBUG;
				SWIFT_OPTIMIZATION_LEVEL = "-Onone";
			};
			name = Debug;
		};
		09BC2C4928AD2799008842CE /* Release */ = {
			isa = XCBuildConfiguration;
			buildSettings = {
				ALWAYS_SEARCH_USER_PATHS = NO;
				CLANG_ANALYZER_NONNULL = YES;
				CLANG_ANALYZER_NUMBER_OBJECT_CONVERSION = YES_AGGRESSIVE;
				CLANG_CXX_LANGUAGE_STANDARD = "gnu++17";
				CLANG_ENABLE_MODULES = YES;
				CLANG_ENABLE_OBJC_ARC = YES;
				CLANG_ENABLE_OBJC_WEAK = YES;
				CLANG_WARN_BLOCK_CAPTURE_AUTORELEASING = YES;
				CLANG_WARN_BOOL_CONVERSION = YES;
				CLANG_WARN_COMMA = YES;
				CLANG_WARN_CONSTANT_CONVERSION = YES;
				CLANG_WARN_DEPRECATED_OBJC_IMPLEMENTATIONS = YES;
				CLANG_WARN_DIRECT_OBJC_ISA_USAGE = YES_ERROR;
				CLANG_WARN_DOCUMENTATION_COMMENTS = YES;
				CLANG_WARN_EMPTY_BODY = YES;
				CLANG_WARN_ENUM_CONVERSION = YES;
				CLANG_WARN_INFINITE_RECURSION = YES;
				CLANG_WARN_INT_CONVERSION = YES;
				CLANG_WARN_NON_LITERAL_NULL_CONVERSION = YES;
				CLANG_WARN_OBJC_IMPLICIT_RETAIN_SELF = YES;
				CLANG_WARN_OBJC_LITERAL_CONVERSION = YES;
				CLANG_WARN_OBJC_ROOT_CLASS = YES_ERROR;
				CLANG_WARN_QUOTED_INCLUDE_IN_FRAMEWORK_HEADER = YES;
				CLANG_WARN_RANGE_LOOP_ANALYSIS = YES;
				CLANG_WARN_STRICT_PROTOTYPES = YES;
				CLANG_WARN_SUSPICIOUS_MOVE = YES;
				CLANG_WARN_UNGUARDED_AVAILABILITY = YES_AGGRESSIVE;
				CLANG_WARN_UNREACHABLE_CODE = YES;
				CLANG_WARN__DUPLICATE_METHOD_MATCH = YES;
				COPY_PHASE_STRIP = NO;
				DEBUG_INFORMATION_FORMAT = "dwarf-with-dsym";
				ENABLE_NS_ASSERTIONS = NO;
				ENABLE_STRICT_OBJC_MSGSEND = YES;
				GCC_C_LANGUAGE_STANDARD = gnu11;
				GCC_NO_COMMON_BLOCKS = YES;
				GCC_WARN_64_TO_32_BIT_CONVERSION = YES;
				GCC_WARN_ABOUT_RETURN_TYPE = YES_ERROR;
				GCC_WARN_UNDECLARED_SELECTOR = YES;
				GCC_WARN_UNINITIALIZED_AUTOS = YES_AGGRESSIVE;
				GCC_WARN_UNUSED_FUNCTION = YES;
				GCC_WARN_UNUSED_VARIABLE = YES;
				IPHONEOS_DEPLOYMENT_TARGET = 15.5;
				MTL_ENABLE_DEBUG_INFO = NO;
				MTL_FAST_MATH = YES;
				SDKROOT = iphoneos;
				SWIFT_COMPILATION_MODE = wholemodule;
				SWIFT_OPTIMIZATION_LEVEL = "-O";
				VALIDATE_PRODUCT = YES;
			};
			name = Release;
		};
		09BC2C4B28AD2799008842CE /* Debug */ = {
			isa = XCBuildConfiguration;
			baseConfigurationReference = 1BA1FE117CD5A08BD68D2683 /* Pods-The Movie DB App.debug.xcconfig */;
			buildSettings = {
				ASSETCATALOG_COMPILER_APPICON_NAME = AppIcon;
				ASSETCATALOG_COMPILER_GLOBAL_ACCENT_COLOR_NAME = AccentColor;
				CODE_SIGN_STYLE = Automatic;
				CURRENT_PROJECT_VERSION = 1;
				DEVELOPMENT_TEAM = 5WR73Q6863;
				GENERATE_INFOPLIST_FILE = YES;
				INFOPLIST_FILE = "The Movie DB App/Info.plist";
				INFOPLIST_KEY_UIApplicationSupportsIndirectInputEvents = YES;
				INFOPLIST_KEY_UILaunchStoryboardName = LaunchScreen;
				INFOPLIST_KEY_UISupportedInterfaceOrientations_iPad = "UIInterfaceOrientationPortrait UIInterfaceOrientationPortraitUpsideDown UIInterfaceOrientationLandscapeLeft UIInterfaceOrientationLandscapeRight";
				INFOPLIST_KEY_UISupportedInterfaceOrientations_iPhone = "UIInterfaceOrientationPortrait UIInterfaceOrientationLandscapeLeft UIInterfaceOrientationLandscapeRight";
				LD_RUNPATH_SEARCH_PATHS = (
					"$(inherited)",
					"@executable_path/Frameworks",
				);
				MARKETING_VERSION = 1.0;
				PRODUCT_BUNDLE_IDENTIFIER = "com.adriancysvillegas.The-Movie-DB-App";
				PRODUCT_NAME = "$(TARGET_NAME)";
				SWIFT_EMIT_LOC_STRINGS = YES;
				SWIFT_VERSION = 5.0;
				TARGETED_DEVICE_FAMILY = "1,2";
			};
			name = Debug;
		};
		09BC2C4C28AD2799008842CE /* Release */ = {
			isa = XCBuildConfiguration;
			baseConfigurationReference = 237ECE61BE339EAA819FDE9A /* Pods-The Movie DB App.release.xcconfig */;
			buildSettings = {
				ASSETCATALOG_COMPILER_APPICON_NAME = AppIcon;
				ASSETCATALOG_COMPILER_GLOBAL_ACCENT_COLOR_NAME = AccentColor;
				CODE_SIGN_STYLE = Automatic;
				CURRENT_PROJECT_VERSION = 1;
				DEVELOPMENT_TEAM = 5WR73Q6863;
				GENERATE_INFOPLIST_FILE = YES;
				INFOPLIST_FILE = "The Movie DB App/Info.plist";
				INFOPLIST_KEY_UIApplicationSupportsIndirectInputEvents = YES;
				INFOPLIST_KEY_UILaunchStoryboardName = LaunchScreen;
				INFOPLIST_KEY_UISupportedInterfaceOrientations_iPad = "UIInterfaceOrientationPortrait UIInterfaceOrientationPortraitUpsideDown UIInterfaceOrientationLandscapeLeft UIInterfaceOrientationLandscapeRight";
				INFOPLIST_KEY_UISupportedInterfaceOrientations_iPhone = "UIInterfaceOrientationPortrait UIInterfaceOrientationLandscapeLeft UIInterfaceOrientationLandscapeRight";
				LD_RUNPATH_SEARCH_PATHS = (
					"$(inherited)",
					"@executable_path/Frameworks",
				);
				MARKETING_VERSION = 1.0;
				PRODUCT_BUNDLE_IDENTIFIER = "com.adriancysvillegas.The-Movie-DB-App";
				PRODUCT_NAME = "$(TARGET_NAME)";
				SWIFT_EMIT_LOC_STRINGS = YES;
				SWIFT_VERSION = 5.0;
				TARGETED_DEVICE_FAMILY = "1,2";
			};
			name = Release;
		};
/* End XCBuildConfiguration section */

/* Begin XCConfigurationList section */
		09A4AE0028AF3DFD004EC568 /* Build configuration list for PBXNativeTarget "Test" */ = {
			isa = XCConfigurationList;
			buildConfigurations = (
				09A4AE0128AF3DFD004EC568 /* Debug */,
				09A4AE0228AF3DFD004EC568 /* Release */,
			);
			defaultConfigurationIsVisible = 0;
			defaultConfigurationName = Release;
		};
		09BC2C2E28AD2795008842CE /* Build configuration list for PBXProject "The Movie DB App" */ = {
			isa = XCConfigurationList;
			buildConfigurations = (
				09BC2C4828AD2799008842CE /* Debug */,
				09BC2C4928AD2799008842CE /* Release */,
			);
			defaultConfigurationIsVisible = 0;
			defaultConfigurationName = Release;
		};
		09BC2C4A28AD2799008842CE /* Build configuration list for PBXNativeTarget "The Movie DB App" */ = {
			isa = XCConfigurationList;
			buildConfigurations = (
				09BC2C4B28AD2799008842CE /* Debug */,
				09BC2C4C28AD2799008842CE /* Release */,
			);
			defaultConfigurationIsVisible = 0;
			defaultConfigurationName = Release;
		};
/* End XCConfigurationList section */

/* Begin XCVersionGroup section */
		09BC2C3F28AD2795008842CE /* The_Movie_DB_App.xcdatamodeld */ = {
			isa = XCVersionGroup;
			children = (
				09BC2C4028AD2795008842CE /* The_Movie_DB_App.xcdatamodel */,
			);
			currentVersion = 09BC2C4028AD2795008842CE /* The_Movie_DB_App.xcdatamodel */;
			path = The_Movie_DB_App.xcdatamodeld;
			sourceTree = "<group>";
			versionGroupType = wrapper.xcdatamodel;
		};
/* End XCVersionGroup section */
	};
	rootObject = 09BC2C2B28AD2795008842CE /* Project object */;
}
